
Microsoft Visual Studio Solution File, Format Version 12.00
# Visual Studio 2010
Project("{FAE04EC0-301F-11D3-BF4B-00C04F79EFBC}") = "OKnow", "OKnow\OKnow\OKnow.csproj", "{4457FF85-8BC1-4645-851A-C116A8151535}"
EndProject
Project("{FAE04EC0-301F-11D3-BF4B-00C04F79EFBC}") = "OKnowContent", "OKnow\OKnowContent\OKnowContent.contentproj", "{33D325A1-54E9-48B4-967D-A651050B390C}"
EndProject
Project("{FAE04EC0-301F-11D3-BF4B-00C04F79EFBC}") = "OKnowTest", "OKnowTest\OKnowTest.csproj", "{0C593669-73DE-4C1B-8E71-D641658BCC19}"
EndProject
Project("{2150E333-8FDC-42A3-9474-1A3956D46DE8}") = "Solution Items", "Solution Items", "{DD5CBE87-EA75-44B0-843E-F587AF424D93}"
	ProjectSection(SolutionItems) = preProject
		Local.testsettings = Local.testsettings
		OKnow.vsmdi = OKnow.vsmdi
		TraceAndTestImpact.testsettings = TraceAndTestImpact.testsettings
	EndProjectSection
EndProject
Global
	GlobalSection(TestCaseManagementSettings) = postSolution
		CategoryFile = OKnow.vsmdi
	EndGlobalSection
	GlobalSection(SolutionConfigurationPlatforms) = preSolution
		Debug|Any CPU = Debug|Any CPU
		Debug|Mixed Platforms = Debug|Mixed Platforms
		Debug|x86 = Debug|x86
		Release|Any CPU = Release|Any CPU
		Release|Mixed Platforms = Release|Mixed Platforms
		Release|x86 = Release|x86
	EndGlobalSection
	GlobalSection(ProjectConfigurationPlatforms) = postSolution
		{4457FF85-8BC1-4645-851A-C116A8151535}.Debug|Any CPU.ActiveCfg = Debug|x86
		{4457FF85-8BC1-4645-851A-C116A8151535}.Debug|Mixed Platforms.ActiveCfg = Debug|x86
		{4457FF85-8BC1-4645-851A-C116A8151535}.Debug|Mixed Platforms.Build.0 = Debug|x86
		{4457FF85-8BC1-4645-851A-C116A8151535}.Debug|x86.ActiveCfg = Debug|x86
		{4457FF85-8BC1-4645-851A-C116A8151535}.Debug|x86.Build.0 = Debug|x86
		{4457FF85-8BC1-4645-851A-C116A8151535}.Release|Any CPU.ActiveCfg = Release|x86
		{4457FF85-8BC1-4645-851A-C116A8151535}.Release|Mixed Platforms.ActiveCfg = Release|x86
		{4457FF85-8BC1-4645-851A-C116A8151535}.Release|Mixed Platforms.Build.0 = Release|x86
		{4457FF85-8BC1-4645-851A-C116A8151535}.Release|x86.ActiveCfg = Release|x86
		{4457FF85-8BC1-4645-851A-C116A8151535}.Release|x86.Build.0 = Release|x86
		{33D325A1-54E9-48B4-967D-A651050B390C}.Debug|Any CPU.ActiveCfg = Debug|x86
		{33D325A1-54E9-48B4-967D-A651050B390C}.Debug|Mixed Platforms.ActiveCfg = Debug|x86
		{33D325A1-54E9-48B4-967D-A651050B390C}.Debug|x86.ActiveCfg = Debug|x86
		{33D325A1-54E9-48B4-967D-A651050B390C}.Debug|x86.Build.0 = Debug|x86
		{33D325A1-54E9-48B4-967D-A651050B390C}.Release|Any CPU.ActiveCfg = Release|x86
		{33D325A1-54E9-48B4-967D-A651050B390C}.Release|Mixed Platforms.ActiveCfg = Release|x86
		{33D325A1-54E9-48B4-967D-A651050B390C}.Release|x86.ActiveCfg = Release|x86
		{33D325A1-54E9-48B4-967D-A651050B390C}.Release|x86.Build.0 = Release|x86
		{0C593669-73DE-4C1B-8E71-D641658BCC19}.Debug|Any CPU.ActiveCfg = Debug|Any CPU
		{0C593669-73DE-4C1B-8E71-D641658BCC19}.Debug|Any CPU.Build.0 = Debug|Any CPU
		{0C593669-73DE-4C1B-8E71-D641658BCC19}.Debug|Mixed Platforms.ActiveCfg = Debug|Any CPU
		{0C593669-73DE-4C1B-8E71-D641658BCC19}.Debug|Mixed Platforms.Build.0 = Debug|Any CPU
		{0C593669-73DE-4C1B-8E71-D641658BCC19}.Debug|x86.ActiveCfg = Debug|x86
		{0C593669-73DE-4C1B-8E71-D641658BCC19}.Debug|x86.Build.0 = Debug|x86
		{0C593669-73DE-4C1B-8E71-D641658BCC19}.Release|Any CPU.ActiveCfg = Release|Any CPU
		{0C593669-73DE-4C1B-8E71-D641658BCC19}.Release|Any CPU.Build.0 = Release|Any CPU
		{0C593669-73DE-4C1B-8E71-D641658BCC19}.Release|Mixed Platforms.ActiveCfg = Release|Any CPU
		{0C593669-73DE-4C1B-8E71-D641658BCC19}.Release|Mixed Platforms.Build.0 = Release|Any CPU
		{0C593669-73DE-4C1B-8E71-D641658BCC19}.Release|x86.ActiveCfg = Release|x86
	EndGlobalSection
	GlobalSection(SolutionProperties) = preSolution
		HideSolutionNode = FALSE
	EndGlobalSection
EndGlobal
